
Microsoft Visual Studio Solution File, Format Version 12.00
# Visual Studio Version 17
VisualStudioVersion = 17.7.34031.279
MinimumVisualStudioVersion = 10.0.40219.1
Project("{FAE04EC0-301F-11D3-BF4B-00C04F79EFBC}") = "FiapStore", "FiapStore.csproj", "{A127707D-9E0A-41EA-80E3-312958F09FFD}"
EndProject
Project("{FAE04EC0-301F-11D3-BF4B-00C04F79EFBC}") = "FiapStoreMinimalAPI", "..\FiapStoreMinimalAPI\FiapStoreMinimalAPI.csproj", "{C06AD747-94D2-406C-9726-3051046D59B7}"
EndProject
Global
	GlobalSection(SolutionConfigurationPlatforms) = preSolution
		Debug|Any CPU = Debug|Any CPU
		Release|Any CPU = Release|Any CPU
	EndGlobalSection
	GlobalSection(ProjectConfigurationPlatforms) = postSolution
		{A127707D-9E0A-41EA-80E3-312958F09FFD}.Debug|Any CPU.ActiveCfg = Debug|Any CPU
		{A127707D-9E0A-41EA-80E3-312958F09FFD}.Debug|Any CPU.Build.0 = Debug|Any CPU
		{A127707D-9E0A-41EA-80E3-312958F09FFD}.Release|Any CPU.ActiveCfg = Release|Any CPU
		{A127707D-9E0A-41EA-80E3-312958F09FFD}.Release|Any CPU.Build.0 = Release|Any CPU
		{C06AD747-94D2-406C-9726-3051046D59B7}.Debug|Any CPU.ActiveCfg = Debug|Any CPU
		{C06AD747-94D2-406C-9726-3051046D59B7}.Debug|Any CPU.Build.0 = Debug|Any CPU
		{C06AD747-94D2-406C-9726-3051046D59B7}.Release|Any CPU.ActiveCfg = Release|Any CPU
		{C06AD747-94D2-406C-9726-3051046D59B7}.Release|Any CPU.Build.0 = Release|Any CPU
	EndGlobalSection
	GlobalSection(SolutionProperties) = preSolution
		HideSolutionNode = FALSE
	EndGlobalSection
	GlobalSection(ExtensibilityGlobals) = postSolution
		SolutionGuid = {88734B47-3560-4A8A-A9A9-04E01305C169}
	EndGlobalSection
EndGlobal
